
Microsoft Visual Studio Solution File, Format Version 12.00
# Visual Studio 15
VisualStudioVersion = 15.0.28307.168
MinimumVisualStudioVersion = 10.0.40219.1
Project("{FAE04EC0-301F-11D3-BF4B-00C04F79EFBC}") = "HayvanCiftligi", "HayvanCiftligi\HayvanCiftligi.csproj", "{22EAF835-2630-4D10-A11E-CA30247BC25F}"
EndProject
Global
	GlobalSection(SolutionConfigurationPlatforms) = preSolution
		Debug|Any CPU = Debug|Any CPU
		Release|Any CPU = Release|Any CPU
	EndGlobalSection
	GlobalSection(ProjectConfigurationPlatforms) = postSolution
		{22EAF835-2630-4D10-A11E-CA30247BC25F}.Debug|Any CPU.ActiveCfg = Debug|Any CPU
		{22EAF835-2630-4D10-A11E-CA30247BC25F}.Debug|Any CPU.Build.0 = Debug|Any CPU
		{22EAF835-2630-4D10-A11E-CA30247BC25F}.Release|Any CPU.ActiveCfg = Release|Any CPU
		{22EAF835-2630-4D10-A11E-CA30247BC25F}.Release|Any CPU.Build.0 = Release|Any CPU
	EndGlobalSection
	GlobalSection(SolutionProperties) = preSolution
		HideSolutionNode = FALSE
	EndGlobalSection
	GlobalSection(ExtensibilityGlobals) = postSolution
		SolutionGuid = {8C239F9B-AB61-437F-9598-3EB58773A833}
	EndGlobalSection
EndGlobal
